{
  "version": 4,
  "terraform_version": "1.3.7",
  "serial": 7,
  "lineage": "bcd96606-ccbe-59aa-3450-4b32e52c6ef5",
  "outputs": {},
  "resources": [
    {
      "mode": "managed",
      "type": "azurerm_resource_group",
      "name": "my_azurerg",
      "provider": "provider[\"registry.terraform.io/hashicorp/azurerm\"]",
      "instances": [
        {
          "schema_version": 0,
          "attributes": {
            "id": "/subscriptions/67f3cd8f-805a-48e8-97b4-2fb0bca9b7be/resourceGroups/terraform-iac-rg",
            "location": "northcentralus",
            "name": "terraform-iac-rg",
            "tags": {},
            "timeouts": null
          },
          "sensitive_attributes": [],
          "private": "eyJlMmJmYjczMC1lY2FhLTExZTYtOGY4OC0zNDM2M2JjN2M0YzAiOnsiY3JlYXRlIjo1NDAwMDAwMDAwMDAwLCJkZWxldGUiOjU0MDAwMDAwMDAwMDAsInJlYWQiOjMwMDAwMDAwMDAwMCwidXBkYXRlIjo1NDAwMDAwMDAwMDAwfX0="
        }
      ]
    },
    {
      "mode": "managed",
      "type": "azurerm_storage_account",
      "name": "terraformstorageaccforaz",
      "provider": "provider[\"registry.terraform.io/hashicorp/azurerm\"]",
      "instances": [
        {
          "schema_version": 3,
          "attributes": {
            "access_tier": "Hot",
            "account_kind": "StorageV2",
            "account_replication_type": "LRS",
            "account_tier": "Standard",
            "allow_nested_items_to_be_public": true,
            "azure_files_authentication": [],
            "blob_properties": [
              {
                "change_feed_enabled": false,
                "change_feed_retention_in_days": 0,
                "container_delete_retention_policy": [],
                "cors_rule": [],
                "default_service_version": "",
                "delete_retention_policy": [],
                "last_access_time_enabled": false,
                "restore_policy": [],
                "versioning_enabled": false
              }
            ],
            "cross_tenant_replication_enabled": true,
            "custom_domain": [],
            "customer_managed_key": [],
            "default_to_oauth_authentication": false,
            "edge_zone": "",
            "enable_https_traffic_only": true,
            "id": "/subscriptions/67f3cd8f-805a-48e8-97b4-2fb0bca9b7be/resourceGroups/terraform-iac-rg/providers/Microsoft.Storage/storageAccounts/terraformstorageaccforaz",
            "identity": [],
            "immutability_policy": [],
            "infrastructure_encryption_enabled": false,
            "is_hns_enabled": false,
            "large_file_share_enabled": null,
            "location": "northcentralus",
            "min_tls_version": "TLS1_2",
            "name": "terraformstorageaccforaz",
            "network_rules": [
              {
                "bypass": [
                  "AzureServices"
                ],
                "default_action": "Allow",
                "ip_rules": [],
                "private_link_access": [],
                "virtual_network_subnet_ids": []
              }
            ],
            "nfsv3_enabled": false,
            "primary_access_key": "cSDJo5gWLk6gVAMCBGhNtV5YNWnHe1ejCIc1vsUD6zlVJodewlIQqamVe2y1BCNKTZPAHyCo9NKM+AStrLbOmA==",
            "primary_blob_connection_string": "DefaultEndpointsProtocol=https;BlobEndpoint=https://terraformstorageaccforaz.blob.core.windows.net/;AccountName=terraformstorageaccforaz;AccountKey=cSDJo5gWLk6gVAMCBGhNtV5YNWnHe1ejCIc1vsUD6zlVJodewlIQqamVe2y1BCNKTZPAHyCo9NKM+AStrLbOmA==",
            "primary_blob_endpoint": "https://terraformstorageaccforaz.blob.core.windows.net/",
            "primary_blob_host": "terraformstorageaccforaz.blob.core.windows.net",
            "primary_connection_string": "DefaultEndpointsProtocol=https;AccountName=terraformstorageaccforaz;AccountKey=cSDJo5gWLk6gVAMCBGhNtV5YNWnHe1ejCIc1vsUD6zlVJodewlIQqamVe2y1BCNKTZPAHyCo9NKM+AStrLbOmA==;EndpointSuffix=core.windows.net",
            "primary_dfs_endpoint": "https://terraformstorageaccforaz.dfs.core.windows.net/",
            "primary_dfs_host": "terraformstorageaccforaz.dfs.core.windows.net",
            "primary_file_endpoint": "https://terraformstorageaccforaz.file.core.windows.net/",
            "primary_file_host": "terraformstorageaccforaz.file.core.windows.net",
            "primary_location": "northcentralus",
            "primary_queue_endpoint": "https://terraformstorageaccforaz.queue.core.windows.net/",
            "primary_queue_host": "terraformstorageaccforaz.queue.core.windows.net",
            "primary_table_endpoint": "https://terraformstorageaccforaz.table.core.windows.net/",
            "primary_table_host": "terraformstorageaccforaz.table.core.windows.net",
            "primary_web_endpoint": "https://terraformstorageaccforaz.z14.web.core.windows.net/",
            "primary_web_host": "terraformstorageaccforaz.z14.web.core.windows.net",
            "public_network_access_enabled": true,
            "queue_encryption_key_type": "Service",
            "queue_properties": [
              {
                "cors_rule": [],
                "hour_metrics": [
                  {
                    "enabled": true,
                    "include_apis": true,
                    "retention_policy_days": 7,
                    "version": "1.0"
                  }
                ],
                "logging": [
                  {
                    "delete": false,
                    "read": false,
                    "retention_policy_days": 0,
                    "version": "1.0",
                    "write": false
                  }
                ],
                "minute_metrics": [
                  {
                    "enabled": false,
                    "include_apis": false,
                    "retention_policy_days": 0,
                    "version": "1.0"
                  }
                ]
              }
            ],
            "resource_group_name": "terraform-iac-rg",
            "routing": [],
            "sas_policy": [],
            "secondary_access_key": "WcVTtUxlkCjIE+YiPyx877TZ5A+wHSanEw5u3NaVUBQelLmmn6C850yY+UkBmAjdOiQI6T9CPIot+AStXgDZSQ==",
            "secondary_blob_connection_string": "",
            "secondary_blob_endpoint": null,
            "secondary_blob_host": null,
            "secondary_connection_string": "DefaultEndpointsProtocol=https;AccountName=terraformstorageaccforaz;AccountKey=WcVTtUxlkCjIE+YiPyx877TZ5A+wHSanEw5u3NaVUBQelLmmn6C850yY+UkBmAjdOiQI6T9CPIot+AStXgDZSQ==;EndpointSuffix=core.windows.net",
            "secondary_dfs_endpoint": null,
            "secondary_dfs_host": null,
            "secondary_file_endpoint": null,
            "secondary_file_host": null,
            "secondary_location": "",
            "secondary_queue_endpoint": null,
            "secondary_queue_host": null,
            "secondary_table_endpoint": null,
            "secondary_table_host": null,
            "secondary_web_endpoint": null,
            "secondary_web_host": null,
            "sftp_enabled": false,
            "share_properties": [
              {
                "cors_rule": [],
                "retention_policy": [
                  {
                    "days": 7
                  }
                ],
                "smb": []
              }
            ],
            "shared_access_key_enabled": true,
            "static_website": [],
            "table_encryption_key_type": "Service",
            "tags": {},
            "timeouts": null
          },
          "sensitive_attributes": [],
          "private": "eyJlMmJmYjczMC1lY2FhLTExZTYtOGY4OC0zNDM2M2JjN2M0YzAiOnsiY3JlYXRlIjozNjAwMDAwMDAwMDAwLCJkZWxldGUiOjM2MDAwMDAwMDAwMDAsInJlYWQiOjMwMDAwMDAwMDAwMCwidXBkYXRlIjozNjAwMDAwMDAwMDAwfSwic2NoZW1hX3ZlcnNpb24iOiIzIn0=",
          "dependencies": [
            "azurerm_resource_group.my_azurerg"
          ]
        }
      ]
    },
    {
      "mode": "managed",
      "type": "azurerm_storage_blob",
      "name": "maintf",
      "provider": "provider[\"registry.terraform.io/hashicorp/azurerm\"]",
      "instances": [
        {
          "schema_version": 1,
          "attributes": {
            "access_tier": "Hot",
            "cache_control": "",
            "content_md5": "",
            "content_type": "application/octet-stream",
            "id": "https://terraformstorageaccforaz.blob.core.windows.net/terrformsacontainer/main.tf",
            "metadata": {},
            "name": "main.tf",
            "parallelism": 8,
            "size": 0,
            "source": "main.tf",
            "source_content": null,
            "source_uri": null,
            "storage_account_name": "terraformstorageaccforaz",
            "storage_container_name": "terrformsacontainer",
            "timeouts": null,
            "type": "Block",
            "url": "https://terraformstorageaccforaz.blob.core.windows.net/terrformsacontainer/main.tf"
          },
          "sensitive_attributes": [],
          "private": "eyJlMmJmYjczMC1lY2FhLTExZTYtOGY4OC0zNDM2M2JjN2M0YzAiOnsiY3JlYXRlIjoxODAwMDAwMDAwMDAwLCJkZWxldGUiOjE4MDAwMDAwMDAwMDAsInJlYWQiOjMwMDAwMDAwMDAwMCwidXBkYXRlIjoxODAwMDAwMDAwMDAwfSwic2NoZW1hX3ZlcnNpb24iOiIxIn0=",
          "dependencies": [
            "azurerm_storage_account.terraformstorageaccforaz",
            "azurerm_storage_container.terrformsacontainer"
          ]
        }
      ]
    },
    {
      "mode": "managed",
      "type": "azurerm_storage_container",
      "name": "terrformsacontainer",
      "provider": "provider[\"registry.terraform.io/hashicorp/azurerm\"]",
      "instances": [
        {
          "schema_version": 1,
          "attributes": {
            "container_access_type": "blob",
            "has_immutability_policy": false,
            "has_legal_hold": false,
            "id": "https://terraformstorageaccforaz.blob.core.windows.net/terrformsacontainer",
            "metadata": {},
            "name": "terrformsacontainer",
            "resource_manager_id": "/subscriptions/67f3cd8f-805a-48e8-97b4-2fb0bca9b7be/resourceGroups/terraform-iac-rg/providers/Microsoft.Storage/storageAccounts/terraformstorageaccforaz/blobServices/default/containers/terrformsacontainer",
            "storage_account_name": "terraformstorageaccforaz",
            "timeouts": null
          },
          "sensitive_attributes": [],
          "private": "eyJlMmJmYjczMC1lY2FhLTExZTYtOGY4OC0zNDM2M2JjN2M0YzAiOnsiY3JlYXRlIjoxODAwMDAwMDAwMDAwLCJkZWxldGUiOjE4MDAwMDAwMDAwMDAsInJlYWQiOjMwMDAwMDAwMDAwMCwidXBkYXRlIjoxODAwMDAwMDAwMDAwfSwic2NoZW1hX3ZlcnNpb24iOiIxIn0="
        }
      ]
    }
  ],
  "check_results": null
}
